
Microsoft Visual Studio Solution File, Format Version 12.00
# Visual Studio 14
VisualStudioVersion = 14.0.25123.0
MinimumVisualStudioVersion = 10.0.40219.1
Project("{FAE04EC0-301F-11D3-BF4B-00C04F79EFBC}") = "Exercise 1", "Exercise 1\Exercise 1.csproj", "{BCB03DF1-4C43-46B8-8DF5-87138DA5DC42}"
EndProject
Project("{FAE04EC0-301F-11D3-BF4B-00C04F79EFBC}") = "Exercise 2", "Exercise 2\Exercise 2.csproj", "{6023AF97-09D5-47A3-898E-D277EC0E84FE}"
EndProject
Project("{FAE04EC0-301F-11D3-BF4B-00C04F79EFBC}") = "Exercise 3", "Exercise 3\Exercise 3.csproj", "{E5B6EAC0-0E8B-4352-9CBB-7F68ED65340C}"
EndProject
Global
	GlobalSection(SolutionConfigurationPlatforms) = preSolution
		Debug|Any CPU = Debug|Any CPU
		Release|Any CPU = Release|Any CPU
	EndGlobalSection
	GlobalSection(ProjectConfigurationPlatforms) = postSolution
		{BCB03DF1-4C43-46B8-8DF5-87138DA5DC42}.Debug|Any CPU.ActiveCfg = Debug|Any CPU
		{BCB03DF1-4C43-46B8-8DF5-87138DA5DC42}.Debug|Any CPU.Build.0 = Debug|Any CPU
		{BCB03DF1-4C43-46B8-8DF5-87138DA5DC42}.Release|Any CPU.ActiveCfg = Release|Any CPU
		{BCB03DF1-4C43-46B8-8DF5-87138DA5DC42}.Release|Any CPU.Build.0 = Release|Any CPU
		{6023AF97-09D5-47A3-898E-D277EC0E84FE}.Debug|Any CPU.ActiveCfg = Debug|Any CPU
		{6023AF97-09D5-47A3-898E-D277EC0E84FE}.Debug|Any CPU.Build.0 = Debug|Any CPU
		{6023AF97-09D5-47A3-898E-D277EC0E84FE}.Release|Any CPU.ActiveCfg = Release|Any CPU
		{6023AF97-09D5-47A3-898E-D277EC0E84FE}.Release|Any CPU.Build.0 = Release|Any CPU
		{E5B6EAC0-0E8B-4352-9CBB-7F68ED65340C}.Debug|Any CPU.ActiveCfg = Debug|Any CPU
		{E5B6EAC0-0E8B-4352-9CBB-7F68ED65340C}.Debug|Any CPU.Build.0 = Debug|Any CPU
		{E5B6EAC0-0E8B-4352-9CBB-7F68ED65340C}.Release|Any CPU.ActiveCfg = Release|Any CPU
		{E5B6EAC0-0E8B-4352-9CBB-7F68ED65340C}.Release|Any CPU.Build.0 = Release|Any CPU
	EndGlobalSection
	GlobalSection(SolutionProperties) = preSolution
		HideSolutionNode = FALSE
	EndGlobalSection
EndGlobal
